
Microsoft Visual Studio Solution File, Format Version 12.00
# Visual Studio Version 16
VisualStudioVersion = 16.0.29519.181
MinimumVisualStudioVersion = 10.0.40219.1
Project("{888888A0-9F3D-457C-B088-3A5042F75D52}") = "Практика", "Практика\Практика.pyproj", "{381D38EF-0385-4DA2-A013-9E762460C95A}"
EndProject
Global
	GlobalSection(SolutionConfigurationPlatforms) = preSolution
		Debug|Any CPU = Debug|Any CPU
		Release|Any CPU = Release|Any CPU
	EndGlobalSection
	GlobalSection(ProjectConfigurationPlatforms) = postSolution
		{381D38EF-0385-4DA2-A013-9E762460C95A}.Debug|Any CPU.ActiveCfg = Debug|Any CPU
		{381D38EF-0385-4DA2-A013-9E762460C95A}.Release|Any CPU.ActiveCfg = Release|Any CPU
	EndGlobalSection
	GlobalSection(SolutionProperties) = preSolution
		HideSolutionNode = FALSE
	EndGlobalSection
	GlobalSection(ExtensibilityGlobals) = postSolution
		SolutionGuid = {354ECE82-2F64-431A-89D9-D8EA326795DA}
	EndGlobalSection
EndGlobal
